dependencies:
- name: redis
  repository: file://../redis
  version: 1.0.0
- name: rabbitmq
  repository: file://../rabbitmq
  version: 1.0.0
- name: mongodb
  repository: file://../mongodb
  version: 1.0.0
- name: mysql
  repository: file://../mysql
  version: 1.0.1
- name: catalogue
  repository: file://../catalogue
  version: 1.0.0
- name: user
  repository: file://../user
  version: 1.0.0
- name: cart
  repository: file://../cart
  version: 1.0.0
- name: payment
  repository: file://../payment
  version: 1.0.0
- name: shipping
  repository: file://../shipping
  version: 1.0.0
- name: ratings
  repository: file://../ratings
  version: 1.0.0
- name: dispatch
  repository: file://../dispatch
  version: 1.0.0
- name: web
  repository: file://../web
  version: 1.0.0
digest: sha256:505195fcf5e02bb895a254ca44a7b47662154e2878085ebbaaaf64452f36fa55
generated: "2025-12-25T08:41:38.654197Z"
