dependencies:
- name: redis
  repository: file://../redis
  version: 1.0.0
- name: rabbitmq
  repository: file://../rabbitmq
  version: 1.0.0
- name: mongodb
  repository: file://../mongodb
  version: 1.0.0
- name: mysql
  repository: file://../mysql
  version: 1.0.2
- name: catalogue
  repository: file://../catalogue
  version: 1.0.0
- name: user
  repository: file://../user
  version: 1.0.0
- name: cart
  repository: file://../cart
  version: 1.0.0
- name: payment
  repository: file://../payment
  version: 1.0.0
- name: shipping
  repository: file://../shipping
  version: 1.0.0
- name: ratings
  repository: file://../ratings
  version: 1.0.0
- name: dispatch
  repository: file://../dispatch
  version: 1.0.0
- name: web
  repository: file://../web
  version: 1.0.0
digest: sha256:f03d7575bbf5f5586f0da62020ae116d7cf26d93b86984d894d004a3fa1f0e70
generated: "2025-12-25T08:46:56.834581Z"
